
Microsoft Visual Studio Solution File, Format Version 12.00
# Visual Studio Version 17
VisualStudioVersion = 17.12.35707.178 d17.12
MinimumVisualStudioVersion = 10.0.40219.1
Project("{FAE04EC0-301F-11D3-BF4B-00C04F79EFBC}") = "BlazorPruebaWA", "BlazorPruebaWA\BlazorPruebaWA.csproj", "{94D98BD7-8460-4978-B90B-60CF3C9EC4BB}"
EndProject
Project("{FAE04EC0-301F-11D3-BF4B-00C04F79EFBC}") = "BlazorServer", "BlazorServer\BlazorServer.csproj", "{75CC8AB8-5C3D-4D70-8EE2-D274F0B9A76D}"
EndProject
Global
	GlobalSection(SolutionConfigurationPlatforms) = preSolution
		Debug|Any CPU = Debug|Any CPU
		Release|Any CPU = Release|Any CPU
	EndGlobalSection
	GlobalSection(ProjectConfigurationPlatforms) = postSolution
		{94D98BD7-8460-4978-B90B-60CF3C9EC4BB}.Debug|Any CPU.ActiveCfg = Debug|Any CPU
		{94D98BD7-8460-4978-B90B-60CF3C9EC4BB}.Debug|Any CPU.Build.0 = Debug|Any CPU
		{94D98BD7-8460-4978-B90B-60CF3C9EC4BB}.Release|Any CPU.ActiveCfg = Release|Any CPU
		{94D98BD7-8460-4978-B90B-60CF3C9EC4BB}.Release|Any CPU.Build.0 = Release|Any CPU
		{75CC8AB8-5C3D-4D70-8EE2-D274F0B9A76D}.Debug|Any CPU.ActiveCfg = Debug|Any CPU
		{75CC8AB8-5C3D-4D70-8EE2-D274F0B9A76D}.Debug|Any CPU.Build.0 = Debug|Any CPU
		{75CC8AB8-5C3D-4D70-8EE2-D274F0B9A76D}.Release|Any CPU.ActiveCfg = Release|Any CPU
		{75CC8AB8-5C3D-4D70-8EE2-D274F0B9A76D}.Release|Any CPU.Build.0 = Release|Any CPU
	EndGlobalSection
	GlobalSection(SolutionProperties) = preSolution
		HideSolutionNode = FALSE
	EndGlobalSection
EndGlobal
